
Microsoft Visual Studio Solution File, Format Version 12.00
# Visual Studio Version 17
VisualStudioVersion = 17.1.32210.238
MinimumVisualStudioVersion = 10.0.40219.1
Project("{FAE04EC0-301F-11D3-BF4B-00C04F79EFBC}") = "FicticiaAPI", "FicticiaAPI\FicticiaAPI.csproj", "{DFDF4D43-92D5-4068-A44C-D57562BB798A}"
EndProject
Global
	GlobalSection(SolutionConfigurationPlatforms) = preSolution
		Debug|Any CPU = Debug|Any CPU
		Release|Any CPU = Release|Any CPU
	EndGlobalSection
	GlobalSection(ProjectConfigurationPlatforms) = postSolution
		{DFDF4D43-92D5-4068-A44C-D57562BB798A}.Debug|Any CPU.ActiveCfg = Debug|Any CPU
		{DFDF4D43-92D5-4068-A44C-D57562BB798A}.Debug|Any CPU.Build.0 = Debug|Any CPU
		{DFDF4D43-92D5-4068-A44C-D57562BB798A}.Release|Any CPU.ActiveCfg = Release|Any CPU
		{DFDF4D43-92D5-4068-A44C-D57562BB798A}.Release|Any CPU.Build.0 = Release|Any CPU
	EndGlobalSection
	GlobalSection(SolutionProperties) = preSolution
		HideSolutionNode = FALSE
	EndGlobalSection
	GlobalSection(ExtensibilityGlobals) = postSolution
		SolutionGuid = {C068E650-B0DB-4313-AF7C-6E85C137C91B}
	EndGlobalSection
EndGlobal
